{
  "requires": true,
  "lockfileVersion": 1,
  "dependencies": {
    "gitbook-plugin-accordion": {
      "version": "1.1.3",
      "resolved": "https://registry.npmmirror.com/gitbook-plugin-accordion/download/gitbook-plugin-accordion-1.1.3.tgz",
      "integrity": "sha1-rNYu+EN4E9Vr65+cVrK9kRRpt8E="
    },
    "gitbook-plugin-back-to-top-button": {
      "version": "0.1.4",
      "resolved": "https://registry.npm.taobao.org/gitbook-plugin-back-to-top-button/download/gitbook-plugin-back-to-top-button-0.1.4.tgz",
      "integrity": "sha1-5iGDOLDvGdWOb2YAmUNQt26ANd8="
    },
    "gitbook-plugin-click-reveal": {
      "version": "1.0.0",
      "resolved": "https://registry.npmmirror.com/gitbook-plugin-click-reveal/download/gitbook-plugin-click-reveal-1.0.0.tgz",
      "integrity": "sha1-xBQzr/C+BePt2AV9wJRFKAmfZUs="
    },
    "gitbook-plugin-code": {
      "version": "0.1.0",
      "resolved": "https://registry.npm.taobao.org/gitbook-plugin-code/download/gitbook-plugin-code-0.1.0.tgz",
      "integrity": "sha1-gRqWALrvdViuGTzufVgQABZn6Xs="
    },
    "gitbook-plugin-flexible-alerts": {
      "version": "1.0.3",
      "resolved": "https://registry.npmmirror.com/gitbook-plugin-flexible-alerts/download/gitbook-plugin-flexible-alerts-1.0.3.tgz",
      "integrity": "sha1-BXoVqRIJ/rv90OgTQ3vhfaa72KA="
    },
    "gitbook-plugin-hide-element": {
      "version": "0.0.4",
      "resolved": "https://registry.npmmirror.com/gitbook-plugin-hide-element/download/gitbook-plugin-hide-element-0.0.4.tgz",
      "integrity": "sha1-k6Pedq7r1TUmFZfSV/cYdvDR3DQ="
    },
    "gitbook-plugin-popup": {
      "version": "0.0.1",
      "resolved": "https://registry.nlark.com/gitbook-plugin-popup/download/gitbook-plugin-popup-0.0.1.tgz",
      "integrity": "sha1-6iOOXiSMNc9Lc9KH3fVw8J3/Yzw="
    },
    "gitbook-plugin-search-pro": {
      "version": "2.0.2",
      "resolved": "https://registry.nlark.com/gitbook-plugin-search-pro/download/gitbook-plugin-search-pro-2.0.2.tgz",
      "integrity": "sha1-fOduj2XCBESJucaSc2sj+B/mofI=",
      "requires": {
        "html-entities": "1.2.0"
      }
    },
    "gitbook-plugin-splitter": {
      "version": "0.0.8",
      "resolved": "https://registry.npm.taobao.org/gitbook-plugin-splitter/download/gitbook-plugin-splitter-0.0.8.tgz",
      "integrity": "sha1-8rBRMGD8kma0awQYLk7KHUtx+vw="
    },
    "html-entities": {
      "version": "1.2.0",
      "resolved": "https://registry.nlark.com/html-entities/download/html-entities-1.2.0.tgz",
      "integrity": "sha1-QZSMr4XOgv7Tbk5qDtNxpmZDeeI="
    }
  }
}
